{
  "lockfile-version": 1,
  "manifest": {
    "version": 1,
    "install": {
      "go": {
        "pkg-path": "go",
        "version": "1.21"
      }
    },
    "hook": {},
    "profile": {},
    "options": {
      "systems": [
        "aarch64-darwin",
        "aarch64-linux",
        "x86_64-darwin",
        "x86_64-linux"
      ],
      "allow": {
        "licenses": []
      },
      "semver": {}
    }
  },
  "packages": [
    {
      "attr_path": "go",
      "broken": false,
      "derivation": "/nix/store/5wdz7mf0dqvrzrz6wr4qbc8v17hgfv9l-go-1.21.7.drv",
      "description": "The Go Programming language",
      "install_id": "go",
      "license": "BSD-3-Clause",
      "locked_url": "https://github.com/flox/nixpkgs?rev=b06025f1533a1e07b6db3e75151caa155d1c7eb3",
      "name": "go-1.21.7",
      "pname": "go",
      "rev": "b06025f1533a1e07b6db3e75151caa155d1c7eb3",
      "rev_count": 598982,
      "rev_date": "2024-03-19T00:06:43Z",
      "scrape_date": "2024-08-15T21:33:02Z",
      "stabilities": [
        "staging",
        "unstable"
      ],
      "unfree": false,
      "version": "1.21.7",
      "outputs_to_install": [
        "out"
      ],
      "outputs": {
        "out": "/nix/store/pp1zicdn7grj7zmncv0as1xhrman4ljf-go-1.21.7"
      },
      "system": "aarch64-darwin",
      "group": "toplevel",
      "priority": 5
    },
    {
      "attr_path": "go",
      "broken": false,
      "derivation": "/nix/store/g8v5xvi82a5jb7ch22ajgmmnfg0i495b-go-1.21.7.drv",
      "description": "The Go Programming language",
      "install_id": "go",
      "license": "BSD-3-Clause",
      "locked_url": "https://github.com/flox/nixpkgs?rev=b06025f1533a1e07b6db3e75151caa155d1c7eb3",
      "name": "go-1.21.7",
      "pname": "go",
      "rev": "b06025f1533a1e07b6db3e75151caa155d1c7eb3",
      "rev_count": 598982,
      "rev_date": "2024-03-19T00:06:43Z",
      "scrape_date": "2024-08-15T21:33:02Z",
      "stabilities": [
        "staging",
        "unstable"
      ],
      "unfree": false,
      "version": "1.21.7",
      "outputs_to_install": [
        "out"
      ],
      "outputs": {
        "out": "/nix/store/dkmnpzq45l02jky791n99b329zq2axnc-go-1.21.7"
      },
      "system": "aarch64-linux",
      "group": "toplevel",
      "priority": 5
    },
    {
      "attr_path": "go",
      "broken": false,
      "derivation": "/nix/store/1lrwk3avy9dr2sbpxrclaw1wjvm6aly7-go-1.21.7.drv",
      "description": "The Go Programming language",
      "install_id": "go",
      "license": "BSD-3-Clause",
      "locked_url": "https://github.com/flox/nixpkgs?rev=b06025f1533a1e07b6db3e75151caa155d1c7eb3",
      "name": "go-1.21.7",
      "pname": "go",
      "rev": "b06025f1533a1e07b6db3e75151caa155d1c7eb3",
      "rev_count": 598982,
      "rev_date": "2024-03-19T00:06:43Z",
      "scrape_date": "2024-08-15T21:33:02Z",
      "stabilities": [
        "staging",
        "unstable"
      ],
      "unfree": false,
      "version": "1.21.7",
      "outputs_to_install": [
        "out"
      ],
      "outputs": {
        "out": "/nix/store/yavn8k4h5bzcyv0s261hnxllzbijaiww-go-1.21.7"
      },
      "system": "x86_64-darwin",
      "group": "toplevel",
      "priority": 5
    },
    {
      "attr_path": "go",
      "broken": false,
      "derivation": "/nix/store/fpqp24afj8l1yqrpxsjw12gkcdnszvpn-go-1.21.7.drv",
      "description": "The Go Programming language",
      "install_id": "go",
      "license": "BSD-3-Clause",
      "locked_url": "https://github.com/flox/nixpkgs?rev=b06025f1533a1e07b6db3e75151caa155d1c7eb3",
      "name": "go-1.21.7",
      "pname": "go",
      "rev": "b06025f1533a1e07b6db3e75151caa155d1c7eb3",
      "rev_count": 598982,
      "rev_date": "2024-03-19T00:06:43Z",
      "scrape_date": "2024-08-15T21:33:02Z",
      "stabilities": [
        "staging",
        "unstable"
      ],
      "unfree": false,
      "version": "1.21.7",
      "outputs_to_install": [
        "out"
      ],
      "outputs": {
        "out": "/nix/store/khpb8wx5dvf3bshb0iz9dm23z83r6niv-go-1.21.7"
      },
      "system": "x86_64-linux",
      "group": "toplevel",
      "priority": 5
    }
  ]
}