{
  "lockfile-version": 1,
  "manifest": {
    "version": 1,
    "install": {
      "go": {
        "pkg-path": "go",
        "version": "1.18"
      }
    },
    "hook": {},
    "profile": {},
    "options": {
      "systems": [
        "aarch64-darwin",
        "aarch64-linux",
        "x86_64-darwin",
        "x86_64-linux"
      ],
      "allow": {
        "licenses": []
      },
      "semver": {}
    }
  },
  "packages": [
    {
      "attr_path": "go",
      "broken": false,
      "derivation": "/nix/store/nk893xnm3b8ddbll28d64nxaq6zkax1x-go-1.18.6.drv",
      "description": "The Go Programming language",
      "install_id": "go",
      "license": "BSD-3-Clause",
      "locked_url": "https://github.com/flox/nixpkgs?rev=32096899af23d49010bd8cf6a91695888d9d9e73",
      "name": "go-1.18.6",
      "pname": "go",
      "rev": "32096899af23d49010bd8cf6a91695888d9d9e73",
      "rev_count": 418612,
      "rev_date": "2022-10-18T16:06:05Z",
      "scrape_date": "2024-08-16T02:48:11Z",
      "stabilities": [
        "staging",
        "unstable"
      ],
      "unfree": false,
      "version": "1.18.6",
      "outputs_to_install": [
        "out"
      ],
      "outputs": {
        "out": "/nix/store/bldm9ypwp6d82p7qndzv600nl17djvgm-go-1.18.6"
      },
      "system": "aarch64-darwin",
      "group": "toplevel",
      "priority": 5
    },
    {
      "attr_path": "go",
      "broken": false,
      "derivation": "/nix/store/x2n2iwwf6l8d6911mn6g69mnb83h29wm-go-1.18.6.drv",
      "description": "The Go Programming language",
      "install_id": "go",
      "license": "BSD-3-Clause",
      "locked_url": "https://github.com/flox/nixpkgs?rev=32096899af23d49010bd8cf6a91695888d9d9e73",
      "name": "go-1.18.6",
      "pname": "go",
      "rev": "32096899af23d49010bd8cf6a91695888d9d9e73",
      "rev_count": 418612,
      "rev_date": "2022-10-18T16:06:05Z",
      "scrape_date": "2024-08-16T02:48:11Z",
      "stabilities": [
        "staging",
        "unstable"
      ],
      "unfree": false,
      "version": "1.18.6",
      "outputs_to_install": [
        "out"
      ],
      "outputs": {
        "out": "/nix/store/0l84155f352c2gw58d8d0drppjsbms3j-go-1.18.6"
      },
      "system": "aarch64-linux",
      "group": "toplevel",
      "priority": 5
    },
    {
      "attr_path": "go",
      "broken": false,
      "derivation": "/nix/store/1wjg8ax8i52y1w8i32f6v97sxdwd6931-go-1.18.6.drv",
      "description": "The Go Programming language",
      "install_id": "go",
      "license": "BSD-3-Clause",
      "locked_url": "https://github.com/flox/nixpkgs?rev=32096899af23d49010bd8cf6a91695888d9d9e73",
      "name": "go-1.18.6",
      "pname": "go",
      "rev": "32096899af23d49010bd8cf6a91695888d9d9e73",
      "rev_count": 418612,
      "rev_date": "2022-10-18T16:06:05Z",
      "scrape_date": "2024-08-16T02:48:11Z",
      "stabilities": [
        "staging",
        "unstable"
      ],
      "unfree": false,
      "version": "1.18.6",
      "outputs_to_install": [
        "out"
      ],
      "outputs": {
        "out": "/nix/store/irs87wh3gghc69fri89lp3pz3f518a70-go-1.18.6"
      },
      "system": "x86_64-darwin",
      "group": "toplevel",
      "priority": 5
    },
    {
      "attr_path": "go",
      "broken": false,
      "derivation": "/nix/store/vz3y30mp2zby9airibp347shaqg4pwq7-go-1.18.6.drv",
      "description": "The Go Programming language",
      "install_id": "go",
      "license": "BSD-3-Clause",
      "locked_url": "https://github.com/flox/nixpkgs?rev=32096899af23d49010bd8cf6a91695888d9d9e73",
      "name": "go-1.18.6",
      "pname": "go",
      "rev": "32096899af23d49010bd8cf6a91695888d9d9e73",
      "rev_count": 418612,
      "rev_date": "2022-10-18T16:06:05Z",
      "scrape_date": "2024-08-16T02:48:11Z",
      "stabilities": [
        "staging",
        "unstable"
      ],
      "unfree": false,
      "version": "1.18.6",
      "outputs_to_install": [
        "out"
      ],
      "outputs": {
        "out": "/nix/store/2gkzvf10bng6x2kj521fkg1915v2z76v-go-1.18.6"
      },
      "system": "x86_64-linux",
      "group": "toplevel",
      "priority": 5
    }
  ]
}